
Microsoft Visual Studio Solution File, Format Version 12.00
# Visual Studio 2013
VisualStudioVersion = 12.0.21005.1
MinimumVisualStudioVersion = 10.0.40219.1
Project("{FAE04EC0-301F-11D3-BF4B-00C04F79EFBC}") = "Delegates", "Delegates\Delegates.csproj", "{391F33E9-54C9-47F9-8C20-95C5CC694659}"
EndProject
Global
	GlobalSection(SolutionConfigurationPlatforms) = preSolution
		Debug|Any CPU = Debug|Any CPU
		Release|Any CPU = Release|Any CPU
	EndGlobalSection
	GlobalSection(ProjectConfigurationPlatforms) = postSolution
		{391F33E9-54C9-47F9-8C20-95C5CC694659}.Debug|Any CPU.ActiveCfg = Debug|Any CPU
		{391F33E9-54C9-47F9-8C20-95C5CC694659}.Debug|Any CPU.Build.0 = Debug|Any CPU
		{391F33E9-54C9-47F9-8C20-95C5CC694659}.Release|Any CPU.ActiveCfg = Release|Any CPU
		{391F33E9-54C9-47F9-8C20-95C5CC694659}.Release|Any CPU.Build.0 = Release|Any CPU
	EndGlobalSection
	GlobalSection(SolutionProperties) = preSolution
		HideSolutionNode = FALSE
	EndGlobalSection
EndGlobal
